<?xml version="1.0" encoding="utf-8"?>
<Project ToolsVersion="4.0" xmlns="http://schemas.microsoft.com/developer/msbuild/2003">
  <ItemGroup>
    <FxCompile Include="Engine\Default_VS.hlsl" />
    <FxCompile Include="Engine\Default_PS.hlsl" />
  </ItemGroup>
  <ItemGroup>
    <ClCompile Include="Engine\CameraManager.cpp" />
    <ClCompile Include="Engine\Camera.cpp" />
    <ClCompile Include="Engine\Renderer.cpp" />
    <ClCompile Include="Engine\SystemManager.cpp" />
    <ClCompile Include="Engine\InputManger.cpp" />
    <ClCompile Include="Engine\WinMain.cpp" />
    <ClCompile Include="Engine\GameObject.cpp" />
    <ClCompile Include="Engine\ObjectManager.cpp" />
    <ClCompile Include="Engine\Mesh.cpp" />
    <ClCompile Include="Engine\Material.cpp" />
    <ClCompile Include="Engine\Logger.cpp" />
    <ClCompile Include="Engine\ResourceLoader.cpp" />
  </ItemGroup>
  <ItemGroup>
    <ClInclude Include="Engine\CameraManager.h" />
    <ClInclude Include="Engine\Camera.h" />
    <ClInclude Include="Engine\GameObject.h" />
    <ClInclude Include="Engine\InputManger.h" />
    <ClInclude Include="Engine\Material.h" />
    <ClInclude Include="Engine\Mesh.h" />
    <ClInclude Include="Engine\ObjectManager.h" />
    <ClInclude Include="Engine\Renderer.h" />
    <ClInclude Include="Engine\SystemManager.h" />
    <ClInclude Include="Engine\Logger.h" />
    <ClInclude Include="Engine\ResourceLoader.h" />
  </ItemGroup>
</Project>