
Microsoft Visual Studio Solution File, Format Version 12.00
# Visual Studio 15
VisualStudioVersion = 15.0.27130.0
MinimumVisualStudioVersion = 10.0.40219.1
Project("{8BC9CEB8-8B4A-11D0-8D11-00A0C91BC942}") = "Engine", "Engine\Engine.vcxproj", "{7B05273A-AA74-4ACB-B29E-5BF8A9C992A3}"
EndProject
Project("{8BC9CEB8-8B4A-11D0-8D11-00A0C91BC942}") = "NewWorld", "NewWorld\NewWorld.vcxproj", "{2F5615DC-E754-442D-8E2B-C79FCC223D5B}"
EndProject
Project("{FAE04EC0-301F-11D3-BF4B-00C04F79EFBC}") = "Editor", "Editor\Editor.csproj", "{43577787-9A27-4590-AC31-76996BEE5AAA}"
EndProject
Project("{8BC9CEB8-8B4A-11D0-8D11-00A0C91BC942}") = "EngineWrapper", "EngineWrapper\EngineWrapper.vcxproj", "{FB7CD9AC-CF9E-4571-8EF9-1511BF4AEFF7}"
EndProject
Global
	GlobalSection(SolutionConfigurationPlatforms) = preSolution
		Debug|Any CPU = Debug|Any CPU
		Debug|x64 = Debug|x64
		Debug|x86 = Debug|x86
		Release|Any CPU = Release|Any CPU
		Release|x64 = Release|x64
		Release|x86 = Release|x86
	EndGlobalSection
	GlobalSection(ProjectConfigurationPlatforms) = postSolution
		{7B05273A-AA74-4ACB-B29E-5BF8A9C992A3}.Debug|Any CPU.ActiveCfg = Debug|Win32
		{7B05273A-AA74-4ACB-B29E-5BF8A9C992A3}.Debug|x64.ActiveCfg = Debug|x64
		{7B05273A-AA74-4ACB-B29E-5BF8A9C992A3}.Debug|x64.Build.0 = Debug|x64
		{7B05273A-AA74-4ACB-B29E-5BF8A9C992A3}.Debug|x86.ActiveCfg = Debug|Win32
		{7B05273A-AA74-4ACB-B29E-5BF8A9C992A3}.Debug|x86.Build.0 = Debug|Win32
		{7B05273A-AA74-4ACB-B29E-5BF8A9C992A3}.Release|Any CPU.ActiveCfg = Release|Win32
		{7B05273A-AA74-4ACB-B29E-5BF8A9C992A3}.Release|x64.ActiveCfg = Release|x64
		{7B05273A-AA74-4ACB-B29E-5BF8A9C992A3}.Release|x64.Build.0 = Release|x64
		{7B05273A-AA74-4ACB-B29E-5BF8A9C992A3}.Release|x86.ActiveCfg = Release|Win32
		{7B05273A-AA74-4ACB-B29E-5BF8A9C992A3}.Release|x86.Build.0 = Release|Win32
		{2F5615DC-E754-442D-8E2B-C79FCC223D5B}.Debug|Any CPU.ActiveCfg = Debug|Win32
		{2F5615DC-E754-442D-8E2B-C79FCC223D5B}.Debug|x64.ActiveCfg = Debug|x64
		{2F5615DC-E754-442D-8E2B-C79FCC223D5B}.Debug|x64.Build.0 = Debug|x64
		{2F5615DC-E754-442D-8E2B-C79FCC223D5B}.Debug|x86.ActiveCfg = Debug|Win32
		{2F5615DC-E754-442D-8E2B-C79FCC223D5B}.Debug|x86.Build.0 = Debug|Win32
		{2F5615DC-E754-442D-8E2B-C79FCC223D5B}.Release|Any CPU.ActiveCfg = Release|Win32
		{2F5615DC-E754-442D-8E2B-C79FCC223D5B}.Release|x64.ActiveCfg = Release|x64
		{2F5615DC-E754-442D-8E2B-C79FCC223D5B}.Release|x64.Build.0 = Release|x64
		{2F5615DC-E754-442D-8E2B-C79FCC223D5B}.Release|x86.ActiveCfg = Release|Win32
		{2F5615DC-E754-442D-8E2B-C79FCC223D5B}.Release|x86.Build.0 = Release|Win32
		{43577787-9A27-4590-AC31-76996BEE5AAA}.Debug|Any CPU.ActiveCfg = Debug|Any CPU
		{43577787-9A27-4590-AC31-76996BEE5AAA}.Debug|Any CPU.Build.0 = Debug|Any CPU
		{43577787-9A27-4590-AC31-76996BEE5AAA}.Debug|x64.ActiveCfg = Debug|Any CPU
		{43577787-9A27-4590-AC31-76996BEE5AAA}.Debug|x64.Build.0 = Debug|Any CPU
		{43577787-9A27-4590-AC31-76996BEE5AAA}.Debug|x86.ActiveCfg = Debug|Any CPU
		{43577787-9A27-4590-AC31-76996BEE5AAA}.Debug|x86.Build.0 = Debug|Any CPU
		{43577787-9A27-4590-AC31-76996BEE5AAA}.Release|Any CPU.ActiveCfg = Release|Any CPU
		{43577787-9A27-4590-AC31-76996BEE5AAA}.Release|Any CPU.Build.0 = Release|Any CPU
		{43577787-9A27-4590-AC31-76996BEE5AAA}.Release|x64.ActiveCfg = Release|Any CPU
		{43577787-9A27-4590-AC31-76996BEE5AAA}.Release|x64.Build.0 = Release|Any CPU
		{43577787-9A27-4590-AC31-76996BEE5AAA}.Release|x86.ActiveCfg = Release|Any CPU
		{43577787-9A27-4590-AC31-76996BEE5AAA}.Release|x86.Build.0 = Release|Any CPU
		{FB7CD9AC-CF9E-4571-8EF9-1511BF4AEFF7}.Debug|Any CPU.ActiveCfg = Debug|Win32
		{FB7CD9AC-CF9E-4571-8EF9-1511BF4AEFF7}.Debug|x64.ActiveCfg = Debug|x64
		{FB7CD9AC-CF9E-4571-8EF9-1511BF4AEFF7}.Debug|x64.Build.0 = Debug|x64
		{FB7CD9AC-CF9E-4571-8EF9-1511BF4AEFF7}.Debug|x86.ActiveCfg = Debug|Win32
		{FB7CD9AC-CF9E-4571-8EF9-1511BF4AEFF7}.Debug|x86.Build.0 = Debug|Win32
		{FB7CD9AC-CF9E-4571-8EF9-1511BF4AEFF7}.Release|Any CPU.ActiveCfg = Release|Win32
		{FB7CD9AC-CF9E-4571-8EF9-1511BF4AEFF7}.Release|x64.ActiveCfg = Release|x64
		{FB7CD9AC-CF9E-4571-8EF9-1511BF4AEFF7}.Release|x64.Build.0 = Release|x64
		{FB7CD9AC-CF9E-4571-8EF9-1511BF4AEFF7}.Release|x86.ActiveCfg = Release|Win32
		{FB7CD9AC-CF9E-4571-8EF9-1511BF4AEFF7}.Release|x86.Build.0 = Release|Win32
	EndGlobalSection
	GlobalSection(SolutionProperties) = preSolution
		HideSolutionNode = FALSE
	EndGlobalSection
	GlobalSection(ExtensibilityGlobals) = postSolution
		SolutionGuid = {7E190976-FA6B-45FD-B394-2AF8E8B9FE5B}
	EndGlobalSection
EndGlobal
