<?xml version="1.0" encoding="utf-8"?>
<Project ToolsVersion="4.0" xmlns="http://schemas.microsoft.com/developer/msbuild/2003">
  <ItemGroup>
    <ClCompile Include="Logger.cpp" />
    <ClCompile Include="SystemManager.cpp" />
    <ClCompile Include="JsonUtility.cpp" />
    <ClCompile Include="RMesh.cpp" />
    <ClCompile Include="RGameObject.cpp" />
    <ClCompile Include="RMaterial.cpp" />
    <ClCompile Include="RResourceLoader.cpp" />
    <ClCompile Include="RRenderer.cpp" />
    <ClCompile Include="RObjectManager.cpp" />
    <ClCompile Include="RCameraManager.cpp" />
    <ClCompile Include="RCamera.cpp" />
    <ClCompile Include="RContext.cpp" />
    <ClCompile Include="RInputManager.cpp" />
  </ItemGroup>
  <ItemGroup>
    <ClInclude Include="Logger.h" />
    <ClInclude Include="SystemManager.h" />
    <ClInclude Include="JsonUtility.h" />
    <ClInclude Include="IGameManager.h" />
    <ClInclude Include="RContext.h" />
    <ClInclude Include="RMesh.h" />
    <ClInclude Include="RGameObject.h" />
    <ClInclude Include="RMaterial.h" />
    <ClInclude Include="RResourceLoader.h" />
    <ClInclude Include="RRenderer.h" />
    <ClInclude Include="RObjectManager.h" />
    <ClInclude Include="RCameraManager.h" />
    <ClInclude Include="RCamera.h" />
    <ClInclude Include="RInputManager.h" />
  </ItemGroup>
  <ItemGroup>
    <None Include="packages.config" />
  </ItemGroup>
</Project>